{
  "name": "xshi-math-site",
  "version": "0.1.0",
  "lockfileVersion": 3,
  "requires": true,
  "packages": {
    "": {
      "name": "xshi-math-site",
      "version": "0.1.0",
      "license": "MIT",
      "devDependencies": {
        "mystmd": "1.10.1"
      },
      "engines": {
        "node": ">=20"
      }
    },
    "node_modules/mystmd": {
      "version": "1.10.1",
      "resolved": "https://registry.npmjs.org/mystmd/-/mystmd-1.10.1.tgz",
      "dev": true,
      "license": "MIT",
      "bin": {
        "myst": "dist/myst.cjs"
      }
    }
  }
}
